// !$*UTF8*$!
{
	archiveVersion = 1;
	classes = {
	};
	objectVersion = 55;
	objects = {

/* Begin PBXBuildFile section */
		D7799D9F28214DB200C589C1 /* AppDelegate.swift in Sources */ = {isa = PBXBuildFile; fileRef = D7799D9E28214DB200C589C1 /* AppDelegate.swift */; };
		D7799DA128214DB200C589C1 /* SceneDelegate.swift in Sources */ = {isa = PBXBuildFile; fileRef = D7799DA028214DB200C589C1 /* SceneDelegate.swift */; };
		D7799DA328214DB200C589C1 /* ViewController.swift in Sources */ = {isa = PBXBuildFile; fileRef = D7799DA228214DB200C589C1 /* ViewController.swift */; };
		D7799DA628214DB200C589C1 /* Main.storyboard in Resources */ = {isa = PBXBuildFile; fileRef = D7799DA428214DB200C589C1 /* Main.storyboard */; };
		D7799DA828214DB300C589C1 /* Assets.xcassets in Resources */ = {isa = PBXBuildFile; fileRef = D7799DA728214DB300C589C1 /* Assets.xcassets */; };
		D7799DAB28214DB300C589C1 /* LaunchScreen.storyboard in Resources */ = {isa = PBXBuildFile; fileRef = D7799DA928214DB300C589C1 /* LaunchScreen.storyboard */; };
		D7799DB628214DB300C589C1 /* bookFinderAppTests.swift in Sources */ = {isa = PBXBuildFile; fileRef = D7799DB528214DB300C589C1 /* bookFinderAppTests.swift */; };
		D7799DC028214DB300C589C1 /* bookFinderAppUITests.swift in Sources */ = {isa = PBXBuildFile; fileRef = D7799DBF28214DB300C589C1 /* bookFinderAppUITests.swift */; };
		D7799DC228214DB300C589C1 /* bookFinderAppUITestsLaunchTests.swift in Sources */ = {isa = PBXBuildFile; fileRef = D7799DC128214DB300C589C1 /* bookFinderAppUITestsLaunchTests.swift */; };
		D7A8837B2822B15A00FD480A /* RxCocoa in Frameworks */ = {isa = PBXBuildFile; productRef = D7A8837A2822B15A00FD480A /* RxCocoa */; };
		D7A8837D2822B15A00FD480A /* RxRelay in Frameworks */ = {isa = PBXBuildFile; productRef = D7A8837C2822B15A00FD480A /* RxRelay */; };
		D7A8837F2822B15A00FD480A /* RxSwift in Frameworks */ = {isa = PBXBuildFile; productRef = D7A8837E2822B15A00FD480A /* RxSwift */; };
/* End PBXBuildFile section */

/* Begin PBXContainerItemProxy section */
		D7799DB228214DB300C589C1 /* PBXContainerItemProxy */ = {
			isa = PBXContainerItemProxy;
			containerPortal = D7799D9328214DB200C589C1 /* Project object */;
			proxyType = 1;
			remoteGlobalIDString = D7799D9A28214DB200C589C1;
			remoteInfo = bookFinderApp;
		};
		D7799DBC28214DB300C589C1 /* PBXContainerItemProxy */ = {
			isa = PBXContainerItemProxy;
			containerPortal = D7799D9328214DB200C589C1 /* Project object */;
			proxyType = 1;
			remoteGlobalIDString = D7799D9A28214DB200C589C1;
			remoteInfo = bookFinderApp;
		};
/* End PBXContainerItemProxy section */

/* Begin PBXFileReference section */
		D7799D9B28214DB200C589C1 /* bookFinderApp.app */ = {isa = PBXFileReference; explicitFileType = wrapper.application; includeInIndex = 0; path = bookFinderApp.app; sourceTree = BUILT_PRODUCTS_DIR; };
		D7799D9E28214DB200C589C1 /* AppDelegate.swift */ = {isa = PBXFileReference; lastKnownFileType = sourcecode.swift; path = AppDelegate.swift; sourceTree = "<group>"; };
		D7799DA028214DB200C589C1 /* SceneDelegate.swift */ = {isa = PBXFileReference; lastKnownFileType = sourcecode.swift; path = SceneDelegate.swift; sourceTree = "<group>"; };
		D7799DA228214DB200C589C1 /* ViewController.swift */ = {isa = PBXFileReference; lastKnownFileType = sourcecode.swift; path = ViewController.swift; sourceTree = "<group>"; };
		D7799DA528214DB200C589C1 /* Base */ = {isa = PBXFileReference; lastKnownFileType = file.storyboard; name = Base; path = Base.lproj/Main.storyboard; sourceTree = "<group>"; };
		D7799DA728214DB300C589C1 /* Assets.xcassets */ = {isa = PBXFileReference; lastKnownFileType = folder.assetcatalog; path = Assets.xcassets; sourceTree = "<group>"; };
		D7799DAA28214DB300C589C1 /* Base */ = {isa = PBXFileReference; lastKnownFileType = file.storyboard; name = Base; path = Base.lproj/LaunchScreen.storyboard; sourceTree = "<group>"; };
		D7799DAC28214DB300C589C1 /* Info.plist */ = {isa = PBXFileReference; lastKnownFileType = text.plist.xml; path = Info.plist; sourceTree = "<group>"; };
		D7799DB128214DB300C589C1 /* bookFinderAppTests.xctest */ = {isa = PBXFileReference; explicitFileType = wrapper.cfbundle; includeInIndex = 0; path = bookFinderAppTests.xctest; sourceTree = BUILT_PRODUCTS_DIR; };
		D7799DB528214DB300C589C1 /* bookFinderAppTests.swift */ = {isa = PBXFileReference; lastKnownFileType = sourcecode.swift; path = bookFinderAppTests.swift; sourceTree = "<group>"; };
		D7799DBB28214DB300C589C1 /* bookFinderAppUITests.xctest */ = {isa = PBXFileReference; explicitFileType = wrapper.cfbundle; includeInIndex = 0; path = bookFinderAppUITests.xctest; sourceTree = BUILT_PRODUCTS_DIR; };
		D7799DBF28214DB300C589C1 /* bookFinderAppUITests.swift */ = {isa = PBXFileReference; lastKnownFileType = sourcecode.swift; path = bookFinderAppUITests.swift; sourceTree = "<group>"; };
		D7799DC128214DB300C589C1 /* bookFinderAppUITestsLaunchTests.swift */ = {isa = PBXFileReference; lastKnownFileType = sourcecode.swift; path = bookFinderAppUITestsLaunchTests.swift; sourceTree = "<group>"; };
/* End PBXFileReference section */

/* Begin PBXFrameworksBuildPhase section */
		D7799D9828214DB200C589C1 /* Frameworks */ = {
			isa = PBXFrameworksBuildPhase;
			buildActionMask = 2147483647;
			files = (
				D7A8837F2822B15A00FD480A /* RxSwift in Frameworks */,
				D7A8837D2822B15A00FD480A /* RxRelay in Frameworks */,
				D7A8837B2822B15A00FD480A /* RxCocoa in Frameworks */,
			);
			runOnlyForDeploymentPostprocessing = 0;
		};
		D7799DAE28214DB300C589C1 /* Frameworks */ = {
			isa = PBXFrameworksBuildPhase;
			buildActionMask = 2147483647;
			files = (
			);
			runOnlyForDeploymentPostprocessing = 0;
		};
		D7799DB828214DB300C589C1 /* Frameworks */ = {
			isa = PBXFrameworksBuildPhase;
			buildActionMask = 2147483647;
			files = (
			);
			runOnlyForDeploymentPostprocessing = 0;
		};
/* End PBXFrameworksBuildPhase section */

/* Begin PBXGroup section */
		D7799D9228214DB200C589C1 = {
			isa = PBXGroup;
			children = (
				D7799D9D28214DB200C589C1 /* bookFinderApp */,
				D7799DB428214DB300C589C1 /* bookFinderAppTests */,
				D7799DBE28214DB300C589C1 /* bookFinderAppUITests */,
				D7799D9C28214DB200C589C1 /* Products */,
			);
			sourceTree = "<group>";
		};
		D7799D9C28214DB200C589C1 /* Products */ = {
			isa = PBXGroup;
			children = (
				D7799D9B28214DB200C589C1 /* bookFinderApp.app */,
				D7799DB128214DB300C589C1 /* bookFinderAppTests.xctest */,
				D7799DBB28214DB300C589C1 /* bookFinderAppUITests.xctest */,
			);
			name = Products;
			sourceTree = "<group>";
		};
		D7799D9D28214DB200C589C1 /* bookFinderApp */ = {
			isa = PBXGroup;
			children = (
				D7799D9E28214DB200C589C1 /* AppDelegate.swift */,
				D7799DA028214DB200C589C1 /* SceneDelegate.swift */,
				D7799DA228214DB200C589C1 /* ViewController.swift */,
				D7799DA428214DB200C589C1 /* Main.storyboard */,
				D7799DA728214DB300C589C1 /* Assets.xcassets */,
				D7799DA928214DB300C589C1 /* LaunchScreen.storyboard */,
				D7799DAC28214DB300C589C1 /* Info.plist */,
			);
			path = bookFinderApp;
			sourceTree = "<group>";
		};
		D7799DB428214DB300C589C1 /* bookFinderAppTests */ = {
			isa = PBXGroup;
			children = (
				D7799DB528214DB300C589C1 /* bookFinderAppTests.swift */,
			);
			path = bookFinderAppTests;
			sourceTree = "<group>";
		};
		D7799DBE28214DB300C589C1 /* bookFinderAppUITests */ = {
			isa = PBXGroup;
			children = (
				D7799DBF28214DB300C589C1 /* bookFinderAppUITests.swift */,
				D7799DC128214DB300C589C1 /* bookFinderAppUITestsLaunchTests.swift */,
			);
			path = bookFinderAppUITests;
			sourceTree = "<group>";
		};
/* End PBXGroup section */

/* Begin PBXNativeTarget section */
		D7799D9A28214DB200C589C1 /* bookFinderApp */ = {
			isa = PBXNativeTarget;
			buildConfigurationList = D7799DC528214DB300C589C1 /* Build configuration list for PBXNativeTarget "bookFinderApp" */;
			buildPhases = (
				D7799D9728214DB200C589C1 /* Sources */,
				D7799D9828214DB200C589C1 /* Frameworks */,
				D7799D9928214DB200C589C1 /* Resources */,
			);
			buildRules = (
			);
			dependencies = (
			);
			name = bookFinderApp;
			packageProductDependencies = (
				D7A8837A2822B15A00FD480A /* RxCocoa */,
				D7A8837C2822B15A00FD480A /* RxRelay */,
				D7A8837E2822B15A00FD480A /* RxSwift */,
			);
			productName = bookFinderApp;
			productReference = D7799D9B28214DB200C589C1 /* bookFinderApp.app */;
			productType = "com.apple.product-type.application";
		};
		D7799DB028214DB300C589C1 /* bookFinderAppTests */ = {
			isa = PBXNativeTarget;
			buildConfigurationList = D7799DC828214DB300C589C1 /* Build configuration list for PBXNativeTarget "bookFinderAppTests" */;
			buildPhases = (
				D7799DAD28214DB300C589C1 /* Sources */,
				D7799DAE28214DB300C589C1 /* Frameworks */,
				D7799DAF28214DB300C589C1 /* Resources */,
			);
			buildRules = (
			);
			dependencies = (
				D7799DB328214DB300C589C1 /* PBXTargetDependency */,
			);
			name = bookFinderAppTests;
			productName = bookFinderAppTests;
			productReference = D7799DB128214DB300C589C1 /* bookFinderAppTests.xctest */;
			productType = "com.apple.product-type.bundle.unit-test";
		};
		D7799DBA28214DB300C589C1 /* bookFinderAppUITests */ = {
			isa = PBXNativeTarget;
			buildConfigurationList = D7799DCB28214DB300C589C1 /* Build configuration list for PBXNativeTarget "bookFinderAppUITests" */;
			buildPhases = (
				D7799DB728214DB300C589C1 /* Sources */,
				D7799DB828214DB300C589C1 /* Frameworks */,
				D7799DB928214DB300C589C1 /* Resources */,
			);
			buildRules = (
			);
			dependencies = (
				D7799DBD28214DB300C589C1 /* PBXTargetDependency */,
			);
			name = bookFinderAppUITests;
			productName = bookFinderAppUITests;
			productReference = D7799DBB28214DB300C589C1 /* bookFinderAppUITests.xctest */;
			productType = "com.apple.product-type.bundle.ui-testing";
		};
/* End PBXNativeTarget section */

/* Begin PBXProject section */
		D7799D9328214DB200C589C1 /* Project object */ = {
			isa = PBXProject;
			attributes = {
				BuildIndependentTargetsInParallel = 1;
				LastSwiftUpdateCheck = 1320;
				LastUpgradeCheck = 1320;
				TargetAttributes = {
					D7799D9A28214DB200C589C1 = {
						CreatedOnToolsVersion = 13.2.1;
					};
					D7799DB028214DB300C589C1 = {
						CreatedOnToolsVersion = 13.2.1;
						TestTargetID = D7799D9A28214DB200C589C1;
					};
					D7799DBA28214DB300C589C1 = {
						CreatedOnToolsVersion = 13.2.1;
						TestTargetID = D7799D9A28214DB200C589C1;
					};
				};
			};
			buildConfigurationList = D7799D9628214DB200C589C1 /* Build configuration list for PBXProject "bookFinderApp" */;
			compatibilityVersion = "Xcode 13.0";
			developmentRegion = en;
			hasScannedForEncodings = 0;
			knownRegions = (
				en,
				Base,
			);
			mainGroup = D7799D9228214DB200C589C1;
			packageReferences = (
				D7A883792822B15A00FD480A /* XCRemoteSwiftPackageReference "RxSwift" */,
			);
			productRefGroup = D7799D9C28214DB200C589C1 /* Products */;
			projectDirPath = "";
			projectRoot = "";
			targets = (
				D7799D9A28214DB200C589C1 /* bookFinderApp */,
				D7799DB028214DB300C589C1 /* bookFinderAppTests */,
				D7799DBA28214DB300C589C1 /* bookFinderAppUITests */,
			);
		};
/* End PBXProject section */

/* Begin PBXResourcesBuildPhase section */
		D7799D9928214DB200C589C1 /* Resources */ = {
			isa = PBXResourcesBuildPhase;
			buildActionMask = 2147483647;
			files = (
				D7799DAB28214DB300C589C1 /* LaunchScreen.storyboard in Resources */,
				D7799DA828214DB300C589C1 /* Assets.xcassets in Resources */,
				D7799DA628214DB200C589C1 /* Main.storyboard in Resources */,
			);
			runOnlyForDeploymentPostprocessing = 0;
		};
		D7799DAF28214DB300C589C1 /* Resources */ = {
			isa = PBXResourcesBuildPhase;
			buildActionMask = 2147483647;
			files = (
			);
			runOnlyForDeploymentPostprocessing = 0;
		};
		D7799DB928214DB300C589C1 /* Resources */ = {
			isa = PBXResourcesBuildPhase;
			buildActionMask = 2147483647;
			files = (
			);
			runOnlyForDeploymentPostprocessing = 0;
		};
/* End PBXResourcesBuildPhase section */

/* Begin PBXSourcesBuildPhase section */
		D7799D9728214DB200C589C1 /* Sources */ = {
			isa = PBXSourcesBuildPhase;
			buildActionMask = 2147483647;
			files = (
				D7799DA328214DB200C589C1 /* ViewController.swift in Sources */,
				D7799D9F28214DB200C589C1 /* AppDelegate.swift in Sources */,
				D7799DA128214DB200C589C1 /* SceneDelegate.swift in Sources */,
			);
			runOnlyForDeploymentPostprocessing = 0;
		};
		D7799DAD28214DB300C589C1 /* Sources */ = {
			isa = PBXSourcesBuildPhase;
			buildActionMask = 2147483647;
			files = (
				D7799DB628214DB300C589C1 /* bookFinderAppTests.swift in Sources */,
			);
			runOnlyForDeploymentPostprocessing = 0;
		};
		D7799DB728214DB300C589C1 /* Sources */ = {
			isa = PBXSourcesBuildPhase;
			buildActionMask = 2147483647;
			files = (
				D7799DC028214DB300C589C1 /* bookFinderAppUITests.swift in Sources */,
				D7799DC228214DB300C589C1 /* bookFinderAppUITestsLaunchTests.swift in Sources */,
			);
			runOnlyForDeploymentPostprocessing = 0;
		};
/* End PBXSourcesBuildPhase section */

/* Begin PBXTargetDependency section */
		D7799DB328214DB300C589C1 /* PBXTargetDependency */ = {
			isa = PBXTargetDependency;
			target = D7799D9A28214DB200C589C1 /* bookFinderApp */;
			targetProxy = D7799DB228214DB300C589C1 /* PBXContainerItemProxy */;
		};
		D7799DBD28214DB300C589C1 /* PBXTargetDependency */ = {
			isa = PBXTargetDependency;
			target = D7799D9A28214DB200C589C1 /* bookFinderApp */;
			targetProxy = D7799DBC28214DB300C589C1 /* PBXContainerItemProxy */;
		};
/* End PBXTargetDependency section */

/* Begin PBXVariantGroup section */
		D7799DA428214DB200C589C1 /* Main.storyboard */ = {
			isa = PBXVariantGroup;
			children = (
				D7799DA528214DB200C589C1 /* Base */,
			);
			name = Main.storyboard;
			sourceTree = "<group>";
		};
		D7799DA928214DB300C589C1 /* LaunchScreen.storyboard */ = {
			isa = PBXVariantGroup;
			children = (
				D7799DAA28214DB300C589C1 /* Base */,
			);
			name = LaunchScreen.storyboard;
			sourceTree = "<group>";
		};
/* End PBXVariantGroup section */

/* Begin XCBuildConfiguration section */
		D7799DC328214DB300C589C1 /* Debug */ = {
			isa = XCBuildConfiguration;
			buildSettings = {
				ALWAYS_SEARCH_USER_PATHS = NO;
				CLANG_ANALYZER_NONNULL = YES;
				CLANG_ANALYZER_NUMBER_OBJECT_CONVERSION = YES_AGGRESSIVE;
				CLANG_CXX_LANGUAGE_STANDARD = "gnu++17";
				CLANG_CXX_LIBRARY = "libc++";
				CLANG_ENABLE_MODULES = YES;
				CLANG_ENABLE_OBJC_ARC = YES;
				CLANG_ENABLE_OBJC_WEAK = YES;
				CLANG_WARN_BLOCK_CAPTURE_AUTORELEASING = YES;
				CLANG_WARN_BOOL_CONVERSION = YES;
				CLANG_WARN_COMMA = YES;
				CLANG_WARN_CONSTANT_CONVERSION = YES;
				CLANG_WARN_DEPRECATED_OBJC_IMPLEMENTATIONS = YES;
				CLANG_WARN_DIRECT_OBJC_ISA_USAGE = YES_ERROR;
				CLANG_WARN_DOCUMENTATION_COMMENTS = YES;
				CLANG_WARN_EMPTY_BODY = YES;
				CLANG_WARN_ENUM_CONVERSION = YES;
				CLANG_WARN_INFINITE_RECURSION = YES;
				CLANG_WARN_INT_CONVERSION = YES;
				CLANG_WARN_NON_LITERAL_NULL_CONVERSION = YES;
				CLANG_WARN_OBJC_IMPLICIT_RETAIN_SELF = YES;
				CLANG_WARN_OBJC_LITERAL_CONVERSION = YES;
				CLANG_WARN_OBJC_ROOT_CLASS = YES_ERROR;
				CLANG_WARN_QUOTED_INCLUDE_IN_FRAMEWORK_HEADER = YES;
				CLANG_WARN_RANGE_LOOP_ANALYSIS = YES;
				CLANG_WARN_STRICT_PROTOTYPES = YES;
				CLANG_WARN_SUSPICIOUS_MOVE = YES;
				CLANG_WARN_UNGUARDED_AVAILABILITY = YES_AGGRESSIVE;
				CLANG_WARN_UNREACHABLE_CODE = YES;
				CLANG_WARN__DUPLICATE_METHOD_MATCH = YES;
				COPY_PHASE_STRIP = NO;
				DEBUG_INFORMATION_FORMAT = dwarf;
				ENABLE_STRICT_OBJC_MSGSEND = YES;
				ENABLE_TESTABILITY = YES;
				GCC_C_LANGUAGE_STANDARD = gnu11;
				GCC_DYNAMIC_NO_PIC = NO;
				GCC_NO_COMMON_BLOCKS = YES;
				GCC_OPTIMIZATION_LEVEL = 0;
				GCC_PREPROCESSOR_DEFINITIONS = (
					"DEBUG=1",
					"$(inherited)",
				);
				GCC_WARN_64_TO_32_BIT_CONVERSION = YES;
				GCC_WARN_ABOUT_RETURN_TYPE = YES_ERROR;
				GCC_WARN_UNDECLARED_SELECTOR = YES;
				GCC_WARN_UNINITIALIZED_AUTOS = YES_AGGRESSIVE;
				GCC_WARN_UNUSED_FUNCTION = YES;
				GCC_WARN_UNUSED_VARIABLE = YES;
				IPHONEOS_DEPLOYMENT_TARGET = 13.0;
				MTL_ENABLE_DEBUG_INFO = INCLUDE_SOURCE;
				MTL_FAST_MATH = YES;
				ONLY_ACTIVE_ARCH = YES;
				SDKROOT = iphoneos;
				SWIFT_ACTIVE_COMPILATION_CONDITIONS = DEBUG;
				SWIFT_OPTIMIZATION_LEVEL = "-Onone";
			};
			name = Debug;
		};
		D7799DC428214DB300C589C1 /* Release */ = {
			isa = XCBuildConfiguration;
			buildSettings = {
				ALWAYS_SEARCH_USER_PATHS = NO;
				CLANG_ANALYZER_NONNULL = YES;
				CLANG_ANALYZER_NUMBER_OBJECT_CONVERSION = YES_AGGRESSIVE;
				CLANG_CXX_LANGUAGE_STANDARD = "gnu++17";
				CLANG_CXX_LIBRARY = "libc++";
				CLANG_ENABLE_MODULES = YES;
				CLANG_ENABLE_OBJC_ARC = YES;
				CLANG_ENABLE_OBJC_WEAK = YES;
				CLANG_WARN_BLOCK_CAPTURE_AUTORELEASING = YES;
				CLANG_WARN_BOOL_CONVERSION = YES;
				CLANG_WARN_COMMA = YES;
				CLANG_WARN_CONSTANT_CONVERSION = YES;
				CLANG_WARN_DEPRECATED_OBJC_IMPLEMENTATIONS = YES;
				CLANG_WARN_DIRECT_OBJC_ISA_USAGE = YES_ERROR;
				CLANG_WARN_DOCUMENTATION_COMMENTS = YES;
				CLANG_WARN_EMPTY_BODY = YES;
				CLANG_WARN_ENUM_CONVERSION = YES;
				CLANG_WARN_INFINITE_RECURSION = YES;
				CLANG_WARN_INT_CONVERSION = YES;
				CLANG_WARN_NON_LITERAL_NULL_CONVERSION = YES;
				CLANG_WARN_OBJC_IMPLICIT_RETAIN_SELF = YES;
				CLANG_WARN_OBJC_LITERAL_CONVERSION = YES;
				CLANG_WARN_OBJC_ROOT_CLASS = YES_ERROR;
				CLANG_WARN_QUOTED_INCLUDE_IN_FRAMEWORK_HEADER = YES;
				CLANG_WARN_RANGE_LOOP_ANALYSIS = YES;
				CLANG_WARN_STRICT_PROTOTYPES = YES;
				CLANG_WARN_SUSPICIOUS_MOVE = YES;
				CLANG_WARN_UNGUARDED_AVAILABILITY = YES_AGGRESSIVE;
				CLANG_WARN_UNREACHABLE_CODE = YES;
				CLANG_WARN__DUPLICATE_METHOD_MATCH = YES;
				COPY_PHASE_STRIP = NO;
				DEBUG_INFORMATION_FORMAT = "dwarf-with-dsym";
				ENABLE_NS_ASSERTIONS = NO;
				ENABLE_STRICT_OBJC_MSGSEND = YES;
				GCC_C_LANGUAGE_STANDARD = gnu11;
				GCC_NO_COMMON_BLOCKS = YES;
				GCC_WARN_64_TO_32_BIT_CONVERSION = YES;
				GCC_WARN_ABOUT_RETURN_TYPE = YES_ERROR;
				GCC_WARN_UNDECLARED_SELECTOR = YES;
				GCC_WARN_UNINITIALIZED_AUTOS = YES_AGGRESSIVE;
				GCC_WARN_UNUSED_FUNCTION = YES;
				GCC_WARN_UNUSED_VARIABLE = YES;
				IPHONEOS_DEPLOYMENT_TARGET = 13.0;
				MTL_ENABLE_DEBUG_INFO = NO;
				MTL_FAST_MATH = YES;
				SDKROOT = iphoneos;
				SWIFT_COMPILATION_MODE = wholemodule;
				SWIFT_OPTIMIZATION_LEVEL = "-O";
				VALIDATE_PRODUCT = YES;
			};
			name = Release;
		};
		D7799DC628214DB300C589C1 /* Debug */ = {
			isa = XCBuildConfiguration;
			buildSettings = {
				ASSETCATALOG_COMPILER_APPICON_NAME = AppIcon;
				ASSETCATALOG_COMPILER_GLOBAL_ACCENT_COLOR_NAME = AccentColor;
				CODE_SIGN_STYLE = Automatic;
				CURRENT_PROJECT_VERSION = 1;
				GENERATE_INFOPLIST_FILE = YES;
				INFOPLIST_FILE = bookFinderApp/Info.plist;
				INFOPLIST_KEY_UIApplicationSupportsIndirectInputEvents = YES;
				INFOPLIST_KEY_UILaunchStoryboardName = LaunchScreen;
				INFOPLIST_KEY_UIMainStoryboardFile = Main;
				INFOPLIST_KEY_UISupportedInterfaceOrientations_iPad = "UIInterfaceOrientationPortrait UIInterfaceOrientationPortraitUpsideDown UIInterfaceOrientationLandscapeLeft UIInterfaceOrientationLandscapeRight";
				INFOPLIST_KEY_UISupportedInterfaceOrientations_iPhone = "UIInterfaceOrientationPortrait UIInterfaceOrientationLandscapeLeft UIInterfaceOrientationLandscapeRight";
				LD_RUNPATH_SEARCH_PATHS = (
					"$(inherited)",
					"@executable_path/Frameworks",
				);
				MARKETING_VERSION = 1.0;
				PRODUCT_BUNDLE_IDENTIFIER = com.chan.bookFinderApp;
				PRODUCT_NAME = "$(TARGET_NAME)";
				SWIFT_EMIT_LOC_STRINGS = YES;
				SWIFT_VERSION = 5.0;
				TARGETED_DEVICE_FAMILY = "1,2";
			};
			name = Debug;
		};
		D7799DC728214DB300C589C1 /* Release */ = {
			isa = XCBuildConfiguration;
			buildSettings = {
				ASSETCATALOG_COMPILER_APPICON_NAME = AppIcon;
				ASSETCATALOG_COMPILER_GLOBAL_ACCENT_COLOR_NAME = AccentColor;
				CODE_SIGN_STYLE = Automatic;
				CURRENT_PROJECT_VERSION = 1;
				GENERATE_INFOPLIST_FILE = YES;
				INFOPLIST_FILE = bookFinderApp/Info.plist;
				INFOPLIST_KEY_UIApplicationSupportsIndirectInputEvents = YES;
				INFOPLIST_KEY_UILaunchStoryboardName = LaunchScreen;
				INFOPLIST_KEY_UIMainStoryboardFile = Main;
				INFOPLIST_KEY_UISupportedInterfaceOrientations_iPad = "UIInterfaceOrientationPortrait UIInterfaceOrientationPortraitUpsideDown UIInterfaceOrientationLandscapeLeft UIInterfaceOrientationLandscapeRight";
				INFOPLIST_KEY_UISupportedInterfaceOrientations_iPhone = "UIInterfaceOrientationPortrait UIInterfaceOrientationLandscapeLeft UIInterfaceOrientationLandscapeRight";
				LD_RUNPATH_SEARCH_PATHS = (
					"$(inherited)",
					"@executable_path/Frameworks",
				);
				MARKETING_VERSION = 1.0;
				PRODUCT_BUNDLE_IDENTIFIER = com.chan.bookFinderApp;
				PRODUCT_NAME = "$(TARGET_NAME)";
				SWIFT_EMIT_LOC_STRINGS = YES;
				SWIFT_VERSION = 5.0;
				TARGETED_DEVICE_FAMILY = "1,2";
			};
			name = Release;
		};
		D7799DC928214DB300C589C1 /* Debug */ = {
			isa = XCBuildConfiguration;
			buildSettings = {
				ALWAYS_EMBED_SWIFT_STANDARD_LIBRARIES = YES;
				BUNDLE_LOADER = "$(TEST_HOST)";
				CODE_SIGN_STYLE = Automatic;
				CURRENT_PROJECT_VERSION = 1;
				GENERATE_INFOPLIST_FILE = YES;
				IPHONEOS_DEPLOYMENT_TARGET = 15.2;
				MARKETING_VERSION = 1.0;
				PRODUCT_BUNDLE_IDENTIFIER = com.chan.bookFinderAppTests;
				PRODUCT_NAME = "$(TARGET_NAME)";
				SWIFT_EMIT_LOC_STRINGS = NO;
				SWIFT_VERSION = 5.0;
				TARGETED_DEVICE_FAMILY = "1,2";
				TEST_HOST = "$(BUILT_PRODUCTS_DIR)/bookFinderApp.app/bookFinderApp";
			};
			name = Debug;
		};
		D7799DCA28214DB300C589C1 /* Release */ = {
			isa = XCBuildConfiguration;
			buildSettings = {
				ALWAYS_EMBED_SWIFT_STANDARD_LIBRARIES = YES;
				BUNDLE_LOADER = "$(TEST_HOST)";
				CODE_SIGN_STYLE = Automatic;
				CURRENT_PROJECT_VERSION = 1;
				GENERATE_INFOPLIST_FILE = YES;
				IPHONEOS_DEPLOYMENT_TARGET = 15.2;
				MARKETING_VERSION = 1.0;
				PRODUCT_BUNDLE_IDENTIFIER = com.chan.bookFinderAppTests;
				PRODUCT_NAME = "$(TARGET_NAME)";
				SWIFT_EMIT_LOC_STRINGS = NO;
				SWIFT_VERSION = 5.0;
				TARGETED_DEVICE_FAMILY = "1,2";
				TEST_HOST = "$(BUILT_PRODUCTS_DIR)/bookFinderApp.app/bookFinderApp";
			};
			name = Release;
		};
		D7799DCC28214DB300C589C1 /* Debug */ = {
			isa = XCBuildConfiguration;
			buildSettings = {
				ALWAYS_EMBED_SWIFT_STANDARD_LIBRARIES = YES;
				CODE_SIGN_STYLE = Automatic;
				CURRENT_PROJECT_VERSION = 1;
				GENERATE_INFOPLIST_FILE = YES;
				MARKETING_VERSION = 1.0;
				PRODUCT_BUNDLE_IDENTIFIER = com.chan.bookFinderAppUITests;
				PRODUCT_NAME = "$(TARGET_NAME)";
				SWIFT_EMIT_LOC_STRINGS = NO;
				SWIFT_VERSION = 5.0;
				TARGETED_DEVICE_FAMILY = "1,2";
				TEST_TARGET_NAME = bookFinderApp;
			};
			name = Debug;
		};
		D7799DCD28214DB300C589C1 /* Release */ = {
			isa = XCBuildConfiguration;
			buildSettings = {
				ALWAYS_EMBED_SWIFT_STANDARD_LIBRARIES = YES;
				CODE_SIGN_STYLE = Automatic;
				CURRENT_PROJECT_VERSION = 1;
				GENERATE_INFOPLIST_FILE = YES;
				MARKETING_VERSION = 1.0;
				PRODUCT_BUNDLE_IDENTIFIER = com.chan.bookFinderAppUITests;
				PRODUCT_NAME = "$(TARGET_NAME)";
				SWIFT_EMIT_LOC_STRINGS = NO;
				SWIFT_VERSION = 5.0;
				TARGETED_DEVICE_FAMILY = "1,2";
				TEST_TARGET_NAME = bookFinderApp;
			};
			name = Release;
		};
/* End XCBuildConfiguration section */

/* Begin XCConfigurationList section */
		D7799D9628214DB200C589C1 /* Build configuration list for PBXProject "bookFinderApp" */ = {
			isa = XCConfigurationList;
			buildConfigurations = (
				D7799DC328214DB300C589C1 /* Debug */,
				D7799DC428214DB300C589C1 /* Release */,
			);
			defaultConfigurationIsVisible = 0;
			defaultConfigurationName = Release;
		};
		D7799DC528214DB300C589C1 /* Build configuration list for PBXNativeTarget "bookFinderApp" */ = {
			isa = XCConfigurationList;
			buildConfigurations = (
				D7799DC628214DB300C589C1 /* Debug */,
				D7799DC728214DB300C589C1 /* Release */,
			);
			defaultConfigurationIsVisible = 0;
			defaultConfigurationName = Release;
		};
		D7799DC828214DB300C589C1 /* Build configuration list for PBXNativeTarget "bookFinderAppTests" */ = {
			isa = XCConfigurationList;
			buildConfigurations = (
				D7799DC928214DB300C589C1 /* Debug */,
				D7799DCA28214DB300C589C1 /* Release */,
			);
			defaultConfigurationIsVisible = 0;
			defaultConfigurationName = Release;
		};
		D7799DCB28214DB300C589C1 /* Build configuration list for PBXNativeTarget "bookFinderAppUITests" */ = {
			isa = XCConfigurationList;
			buildConfigurations = (
				D7799DCC28214DB300C589C1 /* Debug */,
				D7799DCD28214DB300C589C1 /* Release */,
			);
			defaultConfigurationIsVisible = 0;
			defaultConfigurationName = Release;
		};
/* End XCConfigurationList section */

/* Begin XCRemoteSwiftPackageReference section */
		D7A883792822B15A00FD480A /* XCRemoteSwiftPackageReference "RxSwift" */ = {
			isa = XCRemoteSwiftPackageReference;
			repositoryURL = "https://github.com/ReactiveX/RxSwift";
			requirement = {
				kind = upToNextMajorVersion;
				minimumVersion = 6.0.0;
			};
		};
/* End XCRemoteSwiftPackageReference section */

/* Begin XCSwiftPackageProductDependency section */
		D7A8837A2822B15A00FD480A /* RxCocoa */ = {
			isa = XCSwiftPackageProductDependency;
			package = D7A883792822B15A00FD480A /* XCRemoteSwiftPackageReference "RxSwift" */;
			productName = RxCocoa;
		};
		D7A8837C2822B15A00FD480A /* RxRelay */ = {
			isa = XCSwiftPackageProductDependency;
			package = D7A883792822B15A00FD480A /* XCRemoteSwiftPackageReference "RxSwift" */;
			productName = RxRelay;
		};
		D7A8837E2822B15A00FD480A /* RxSwift */ = {
			isa = XCSwiftPackageProductDependency;
			package = D7A883792822B15A00FD480A /* XCRemoteSwiftPackageReference "RxSwift" */;
			productName = RxSwift;
		};
/* End XCSwiftPackageProductDependency section */
	};
	rootObject = D7799D9328214DB200C589C1 /* Project object */;
}
